
Microsoft Visual Studio Solution File, Format Version 12.00
# Visual Studio Version 17
VisualStudioVersion = 17.9.34616.47
MinimumVisualStudioVersion = 10.0.40219.1
Project("{FAE04EC0-301F-11D3-BF4B-00C04F79EFBC}") = "MyBGList", "MyBGList\MyBGList.csproj", "{6A1C537F-6DD6-4FB5-82EC-3923C599E5A9}"
EndProject
Global
	GlobalSection(SolutionConfigurationPlatforms) = preSolution
		Debug|Any CPU = Debug|Any CPU
		Release|Any CPU = Release|Any CPU
	EndGlobalSection
	GlobalSection(ProjectConfigurationPlatforms) = postSolution
		{6A1C537F-6DD6-4FB5-82EC-3923C599E5A9}.Debug|Any CPU.ActiveCfg = Debug|Any CPU
		{6A1C537F-6DD6-4FB5-82EC-3923C599E5A9}.Debug|Any CPU.Build.0 = Debug|Any CPU
		{6A1C537F-6DD6-4FB5-82EC-3923C599E5A9}.Release|Any CPU.ActiveCfg = Release|Any CPU
		{6A1C537F-6DD6-4FB5-82EC-3923C599E5A9}.Release|Any CPU.Build.0 = Release|Any CPU
	EndGlobalSection
	GlobalSection(SolutionProperties) = preSolution
		HideSolutionNode = FALSE
	EndGlobalSection
	GlobalSection(ExtensibilityGlobals) = postSolution
		SolutionGuid = {EEF6B5FD-F8AA-49C0-BC80-7A2C9157F3B6}
	EndGlobalSection
EndGlobal
